
Microsoft Visual Studio Solution File, Format Version 12.00
# Visual Studio Version 17
VisualStudioVersion = 17.1.32328.378
MinimumVisualStudioVersion = 10.0.40219.1
Project("{FAE04EC0-301F-11D3-BF4B-00C04F79EFBC}") = "ChessProject", "ChessProject\ChessProject.csproj", "{0B851545-2F6D-4FF1-AE83-76E8A8F475FF}"
EndProject
Global
	GlobalSection(SolutionConfigurationPlatforms) = preSolution
		Debug|Any CPU = Debug|Any CPU
		Release|Any CPU = Release|Any CPU
	EndGlobalSection
	GlobalSection(ProjectConfigurationPlatforms) = postSolution
		{0B851545-2F6D-4FF1-AE83-76E8A8F475FF}.Debug|Any CPU.ActiveCfg = Debug|Any CPU
		{0B851545-2F6D-4FF1-AE83-76E8A8F475FF}.Debug|Any CPU.Build.0 = Debug|Any CPU
		{0B851545-2F6D-4FF1-AE83-76E8A8F475FF}.Release|Any CPU.ActiveCfg = Release|Any CPU
		{0B851545-2F6D-4FF1-AE83-76E8A8F475FF}.Release|Any CPU.Build.0 = Release|Any CPU
	EndGlobalSection
	GlobalSection(SolutionProperties) = preSolution
		HideSolutionNode = FALSE
	EndGlobalSection
	GlobalSection(ExtensibilityGlobals) = postSolution
		SolutionGuid = {4172047B-5CAB-43E7-A3AA-6796148E5EC8}
	EndGlobalSection
EndGlobal
